
Microsoft Visual Studio Solution File, Format Version 12.00
# Visual Studio 15
VisualStudioVersion = 15.0.28307.572
MinimumVisualStudioVersion = 10.0.40219.1
Project("{FAE04EC0-301F-11D3-BF4B-00C04F79EFBC}") = "Client", "Client\Client.csproj", "{339E02B6-4BCD-46A8-9195-C5A94CCFAAB1}"
EndProject
Global
	GlobalSection(SolutionConfigurationPlatforms) = preSolution
		Debug|Any CPU = Debug|Any CPU
		Release|Any CPU = Release|Any CPU
	EndGlobalSection
	GlobalSection(ProjectConfigurationPlatforms) = postSolution
		{339E02B6-4BCD-46A8-9195-C5A94CCFAAB1}.Debug|Any CPU.ActiveCfg = Debug|Any CPU
		{339E02B6-4BCD-46A8-9195-C5A94CCFAAB1}.Debug|Any CPU.Build.0 = Debug|Any CPU
		{339E02B6-4BCD-46A8-9195-C5A94CCFAAB1}.Release|Any CPU.ActiveCfg = Release|Any CPU
		{339E02B6-4BCD-46A8-9195-C5A94CCFAAB1}.Release|Any CPU.Build.0 = Release|Any CPU
	EndGlobalSection
	GlobalSection(SolutionProperties) = preSolution
		HideSolutionNode = FALSE
	EndGlobalSection
	GlobalSection(ExtensibilityGlobals) = postSolution
		SolutionGuid = {831C978A-C73C-4502-B3EA-EAE8E1A8A08A}
	EndGlobalSection
EndGlobal
